
Microsoft Visual Studio Solution File, Format Version 12.00
# Visual Studio 14
VisualStudioVersion = 14.0.25420.1
MinimumVisualStudioVersion = 10.0.40219.1
Project("{FAE04EC0-301F-11D3-BF4B-00C04F79EFBC}") = "PokemonGeneration1", "PokemonGeneration1\PokemonGeneration1.csproj", "{DE2339A7-78F9-46EA-A025-2B39C2005AB0}"
EndProject
Project("{FAE04EC0-301F-11D3-BF4B-00C04F79EFBC}") = "PokemonGeneration1Tests", "PokemonGeneration1Tests\PokemonGeneration1Tests.csproj", "{22B59109-876D-4ED6-A1BF-ABF9D8EBB926}"
EndProject
Global
	GlobalSection(SolutionConfigurationPlatforms) = preSolution
		Debug|Any CPU = Debug|Any CPU
		Release|Any CPU = Release|Any CPU
	EndGlobalSection
	GlobalSection(ProjectConfigurationPlatforms) = postSolution
		{DE2339A7-78F9-46EA-A025-2B39C2005AB0}.Debug|Any CPU.ActiveCfg = Debug|Any CPU
		{DE2339A7-78F9-46EA-A025-2B39C2005AB0}.Debug|Any CPU.Build.0 = Debug|Any CPU
		{DE2339A7-78F9-46EA-A025-2B39C2005AB0}.Release|Any CPU.ActiveCfg = Release|Any CPU
		{DE2339A7-78F9-46EA-A025-2B39C2005AB0}.Release|Any CPU.Build.0 = Release|Any CPU
		{22B59109-876D-4ED6-A1BF-ABF9D8EBB926}.Debug|Any CPU.ActiveCfg = Debug|Any CPU
		{22B59109-876D-4ED6-A1BF-ABF9D8EBB926}.Debug|Any CPU.Build.0 = Debug|Any CPU
		{22B59109-876D-4ED6-A1BF-ABF9D8EBB926}.Release|Any CPU.ActiveCfg = Release|Any CPU
		{22B59109-876D-4ED6-A1BF-ABF9D8EBB926}.Release|Any CPU.Build.0 = Release|Any CPU
	EndGlobalSection
	GlobalSection(SolutionProperties) = preSolution
		HideSolutionNode = FALSE
	EndGlobalSection
EndGlobal
